
Microsoft Visual Studio Solution File, Format Version 12.00
# Visual Studio 15
VisualStudioVersion = 15.0.28307.421
MinimumVisualStudioVersion = 10.0.40219.1
Project("{8BC9CEB8-8B4A-11D0-8D11-00A0C91BC942}") = "IntroduccionPOO", "IntroduccionPOO\IntroduccionPOO.vcxproj", "{3C27D375-7BCA-43D4-877B-A420E3D61173}"
EndProject
Global
	GlobalSection(SolutionConfigurationPlatforms) = preSolution
		Debug|x64 = Debug|x64
		Debug|x86 = Debug|x86
		Release|x64 = Release|x64
		Release|x86 = Release|x86
	EndGlobalSection
	GlobalSection(ProjectConfigurationPlatforms) = postSolution
		{3C27D375-7BCA-43D4-877B-A420E3D61173}.Debug|x64.ActiveCfg = Debug|x64
		{3C27D375-7BCA-43D4-877B-A420E3D61173}.Debug|x64.Build.0 = Debug|x64
		{3C27D375-7BCA-43D4-877B-A420E3D61173}.Debug|x86.ActiveCfg = Debug|Win32
		{3C27D375-7BCA-43D4-877B-A420E3D61173}.Debug|x86.Build.0 = Debug|Win32
		{3C27D375-7BCA-43D4-877B-A420E3D61173}.Release|x64.ActiveCfg = Release|x64
		{3C27D375-7BCA-43D4-877B-A420E3D61173}.Release|x64.Build.0 = Release|x64
		{3C27D375-7BCA-43D4-877B-A420E3D61173}.Release|x86.ActiveCfg = Release|Win32
		{3C27D375-7BCA-43D4-877B-A420E3D61173}.Release|x86.Build.0 = Release|Win32
	EndGlobalSection
	GlobalSection(SolutionProperties) = preSolution
		HideSolutionNode = FALSE
	EndGlobalSection
	GlobalSection(ExtensibilityGlobals) = postSolution
		SolutionGuid = {D87B2541-1753-49DB-ADFA-34E9F9CC98A8}
	EndGlobalSection
EndGlobal
